
Microsoft Visual Studio Solution File, Format Version 12.00
# Visual Studio Version 16
VisualStudioVersion = 16.0.29306.81
MinimumVisualStudioVersion = 10.0.40219.1
Project("{9A19103F-16F7-4668-BE54-9A1E7A4F7556}") = "PrimeiroProjeto", "PrimeiroProjeto\PrimeiroProjeto.csproj", "{FE3393DB-1C74-422B-914F-9D04C294FE88}"
EndProject
Project("{9A19103F-16F7-4668-BE54-9A1E7A4F7556}") = "2-CriandoVariaveis", "CriandoVariaveis\2-CriandoVariaveis\2-CriandoVariaveis.csproj", "{C3B209F3-79E1-4F75-9796-7148C1D515D4}"
EndProject
Project("{9A19103F-16F7-4668-BE54-9A1E7A4F7556}") = "3-CriandoVariaveisPontoFlutuantes", "CriandoVariaveisPontoFlutuantes\3-CriandoVariaveisPontoFlutuantes\3-CriandoVariaveisPontoFlutuantes.csproj", "{D763059B-4748-4492-AC35-98330A6D48C3}"
EndProject
Project("{9A19103F-16F7-4668-BE54-9A1E7A4F7556}") = "4-ConversoesEOutrosTiposNumericos", "ConversoesEOutrosTiposNumericos\4-ConversoesEOutrosTiposNumericos\4-ConversoesEOutrosTiposNumericos.csproj", "{6F62E061-237C-4D96-BECC-7ADD8013A481}"
EndProject
Project("{9A19103F-16F7-4668-BE54-9A1E7A4F7556}") = "5-CaracteresETexto", "CaracteresETextos\5-CaracteresETexto\5-CaracteresETexto.csproj", "{89C42D38-09E6-4E6C-894B-C1E44E6A3E27}"
EndProject
Project("{9A19103F-16F7-4668-BE54-9A1E7A4F7556}") = "6-AtribuicoesDeVariaveis", "6-AtribuicoesDeVariaveis\6-AtribuicoesDeVariaveis.csproj", "{A76DE6A1-90EE-44B5-9B3D-B95CAC0C1908}"
EndProject
Project("{FAE04EC0-301F-11D3-BF4B-00C04F79EFBC}") = "7-Condicionais", "Condicionais\7-Condicionais\7-Condicionais.csproj", "{F0CA223D-BE0A-48A5-80B1-4FE79785B88E}"
EndProject
Project("{FAE04EC0-301F-11D3-BF4B-00C04F79EFBC}") = "8-Condicionais2", "Condicionais\8-Condicionais2\8-Condicionais2.csproj", "{9A39A757-2984-4F8E-9733-6DE1C2D844B8}"
EndProject
Project("{FAE04EC0-301F-11D3-BF4B-00C04F79EFBC}") = "9-Escopo", "Escopo\9-Escopo\9-Escopo.csproj", "{CA9FF42C-94C9-4FD5-8334-298FC9C44CA4}"
EndProject
Project("{FAE04EC0-301F-11D3-BF4B-00C04F79EFBC}") = "testandoCondicionais", "Escopo\testandoCondicionais\testandoCondicionais.csproj", "{D401E661-BD47-4F9D-8431-49BE29D18AE2}"
EndProject
Project("{FAE04EC0-301F-11D3-BF4B-00C04F79EFBC}") = "Aliquota", "Condicionais\Aliquota\Aliquota.csproj", "{0685F21E-EB64-42DE-981C-15AAE2521895}"
EndProject
Global
	GlobalSection(SolutionConfigurationPlatforms) = preSolution
		Debug|Any CPU = Debug|Any CPU
		Release|Any CPU = Release|Any CPU
	EndGlobalSection
	GlobalSection(ProjectConfigurationPlatforms) = postSolution
		{FE3393DB-1C74-422B-914F-9D04C294FE88}.Debug|Any CPU.ActiveCfg = Debug|Any CPU
		{FE3393DB-1C74-422B-914F-9D04C294FE88}.Debug|Any CPU.Build.0 = Debug|Any CPU
		{FE3393DB-1C74-422B-914F-9D04C294FE88}.Release|Any CPU.ActiveCfg = Release|Any CPU
		{FE3393DB-1C74-422B-914F-9D04C294FE88}.Release|Any CPU.Build.0 = Release|Any CPU
		{C3B209F3-79E1-4F75-9796-7148C1D515D4}.Debug|Any CPU.ActiveCfg = Debug|Any CPU
		{C3B209F3-79E1-4F75-9796-7148C1D515D4}.Debug|Any CPU.Build.0 = Debug|Any CPU
		{C3B209F3-79E1-4F75-9796-7148C1D515D4}.Release|Any CPU.ActiveCfg = Release|Any CPU
		{C3B209F3-79E1-4F75-9796-7148C1D515D4}.Release|Any CPU.Build.0 = Release|Any CPU
		{D763059B-4748-4492-AC35-98330A6D48C3}.Debug|Any CPU.ActiveCfg = Debug|Any CPU
		{D763059B-4748-4492-AC35-98330A6D48C3}.Debug|Any CPU.Build.0 = Debug|Any CPU
		{D763059B-4748-4492-AC35-98330A6D48C3}.Release|Any CPU.ActiveCfg = Release|Any CPU
		{D763059B-4748-4492-AC35-98330A6D48C3}.Release|Any CPU.Build.0 = Release|Any CPU
		{6F62E061-237C-4D96-BECC-7ADD8013A481}.Debug|Any CPU.ActiveCfg = Debug|Any CPU
		{6F62E061-237C-4D96-BECC-7ADD8013A481}.Debug|Any CPU.Build.0 = Debug|Any CPU
		{6F62E061-237C-4D96-BECC-7ADD8013A481}.Release|Any CPU.ActiveCfg = Release|Any CPU
		{6F62E061-237C-4D96-BECC-7ADD8013A481}.Release|Any CPU.Build.0 = Release|Any CPU
		{89C42D38-09E6-4E6C-894B-C1E44E6A3E27}.Debug|Any CPU.ActiveCfg = Debug|Any CPU
		{89C42D38-09E6-4E6C-894B-C1E44E6A3E27}.Debug|Any CPU.Build.0 = Debug|Any CPU
		{89C42D38-09E6-4E6C-894B-C1E44E6A3E27}.Release|Any CPU.ActiveCfg = Release|Any CPU
		{89C42D38-09E6-4E6C-894B-C1E44E6A3E27}.Release|Any CPU.Build.0 = Release|Any CPU
		{A76DE6A1-90EE-44B5-9B3D-B95CAC0C1908}.Debug|Any CPU.ActiveCfg = Debug|Any CPU
		{A76DE6A1-90EE-44B5-9B3D-B95CAC0C1908}.Debug|Any CPU.Build.0 = Debug|Any CPU
		{A76DE6A1-90EE-44B5-9B3D-B95CAC0C1908}.Release|Any CPU.ActiveCfg = Release|Any CPU
		{A76DE6A1-90EE-44B5-9B3D-B95CAC0C1908}.Release|Any CPU.Build.0 = Release|Any CPU
		{F0CA223D-BE0A-48A5-80B1-4FE79785B88E}.Debug|Any CPU.ActiveCfg = Debug|Any CPU
		{F0CA223D-BE0A-48A5-80B1-4FE79785B88E}.Debug|Any CPU.Build.0 = Debug|Any CPU
		{F0CA223D-BE0A-48A5-80B1-4FE79785B88E}.Release|Any CPU.ActiveCfg = Release|Any CPU
		{F0CA223D-BE0A-48A5-80B1-4FE79785B88E}.Release|Any CPU.Build.0 = Release|Any CPU
		{9A39A757-2984-4F8E-9733-6DE1C2D844B8}.Debug|Any CPU.ActiveCfg = Debug|Any CPU
		{9A39A757-2984-4F8E-9733-6DE1C2D844B8}.Debug|Any CPU.Build.0 = Debug|Any CPU
		{9A39A757-2984-4F8E-9733-6DE1C2D844B8}.Release|Any CPU.ActiveCfg = Release|Any CPU
		{9A39A757-2984-4F8E-9733-6DE1C2D844B8}.Release|Any CPU.Build.0 = Release|Any CPU
		{CA9FF42C-94C9-4FD5-8334-298FC9C44CA4}.Debug|Any CPU.ActiveCfg = Debug|Any CPU
		{CA9FF42C-94C9-4FD5-8334-298FC9C44CA4}.Debug|Any CPU.Build.0 = Debug|Any CPU
		{CA9FF42C-94C9-4FD5-8334-298FC9C44CA4}.Release|Any CPU.ActiveCfg = Release|Any CPU
		{CA9FF42C-94C9-4FD5-8334-298FC9C44CA4}.Release|Any CPU.Build.0 = Release|Any CPU
		{D401E661-BD47-4F9D-8431-49BE29D18AE2}.Debug|Any CPU.ActiveCfg = Debug|Any CPU
		{D401E661-BD47-4F9D-8431-49BE29D18AE2}.Debug|Any CPU.Build.0 = Debug|Any CPU
		{D401E661-BD47-4F9D-8431-49BE29D18AE2}.Release|Any CPU.ActiveCfg = Release|Any CPU
		{D401E661-BD47-4F9D-8431-49BE29D18AE2}.Release|Any CPU.Build.0 = Release|Any CPU
		{0685F21E-EB64-42DE-981C-15AAE2521895}.Debug|Any CPU.ActiveCfg = Debug|Any CPU
		{0685F21E-EB64-42DE-981C-15AAE2521895}.Debug|Any CPU.Build.0 = Debug|Any CPU
		{0685F21E-EB64-42DE-981C-15AAE2521895}.Release|Any CPU.ActiveCfg = Release|Any CPU
		{0685F21E-EB64-42DE-981C-15AAE2521895}.Release|Any CPU.Build.0 = Release|Any CPU
	EndGlobalSection
	GlobalSection(SolutionProperties) = preSolution
		HideSolutionNode = FALSE
	EndGlobalSection
	GlobalSection(ExtensibilityGlobals) = postSolution
		SolutionGuid = {CCA2E979-6B86-4D2E-844A-0A3B87B1D057}
	EndGlobalSection
EndGlobal
